<?xml version="1.0" encoding="UTF-8" standalone="yes" ?>
<CodeBlocks_project_file>
	<FileVersion major="1" minor="6" />
	<Project>
		<Option title="Taller2EDD" />
		<Option pch_mode="2" />
		<Option compiler="gcc" />
		<Build>
			<Target title="Debug">
				<Option output="bin/Debug/Taller2EDD" prefix_auto="1" extension_auto="1" />
				<Option object_output="obj/Debug/" />
				<Option type="1" />
				<Option compiler="gcc" />
				<Compiler>
					<Add option="-g" />
				</Compiler>
			</Target>
			<Target title="Release">
				<Option output="bin/Release/Taller2EDD" prefix_auto="1" extension_auto="1" />
				<Option object_output="obj/Release/" />
				<Option type="1" />
				<Option compiler="gcc" />
				<Compiler>
					<Add option="-O2" />
				</Compiler>
				<Linker>
					<Add option="-s" />
				</Linker>
			</Target>
		</Build>
		<Compiler>
			<Add option="-Wall" />
			<Add option="-fexceptions" />
		</Compiler>
		<Unit filename="../classes/ArbolHeap.cpp" />
		<Unit filename="../classes/ArbolHeap.h" />
		<Unit filename="../classes/Artista.h" />
		<Unit filename="../classes/Cancion.cpp" />
		<Unit filename="../classes/Cancion.h" />
		<Unit filename="../classes/GestorArchivos.cpp" />
		<Unit filename="../classes/GestorArchivos.h" />
		<Unit filename="../classes/Reproductor.cpp" />
		<Unit filename="../classes/Reproductor.h" />
		<Unit filename="../core/Menu.cpp" />
		<Unit filename="../core/Menu.h" />
		<Unit filename="../data/music_source.txt" />
		<Unit filename="../data/status.cfg" />
		<Unit filename="../data_structures/ListaEnlazada.h" />
		<Unit filename="../data_structures/Nodo.h" />
		<Unit filename="../main.cpp" />
		<Unit filename="../ranking.txt" />
		<Extensions />
	</Project>
</CodeBlocks_project_file>
